
Microsoft Visual Studio Solution File, Format Version 12.00
# Visual Studio 15
VisualStudioVersion = 15.0.27428.2037
MinimumVisualStudioVersion = 10.0.40219.1
Project("{FAE04EC0-301F-11D3-BF4B-00C04F79EFBC}") = "TCPSERVER", "TCPSERVER\TCPSERVER.csproj", "{B16C78DE-8661-43A4-B1A6-DB701F937A4F}"
EndProject
Global
	GlobalSection(SolutionConfigurationPlatforms) = preSolution
		Debug|Any CPU = Debug|Any CPU
		Release|Any CPU = Release|Any CPU
	EndGlobalSection
	GlobalSection(ProjectConfigurationPlatforms) = postSolution
		{B16C78DE-8661-43A4-B1A6-DB701F937A4F}.Debug|Any CPU.ActiveCfg = Debug|Any CPU
		{B16C78DE-8661-43A4-B1A6-DB701F937A4F}.Debug|Any CPU.Build.0 = Debug|Any CPU
		{B16C78DE-8661-43A4-B1A6-DB701F937A4F}.Release|Any CPU.ActiveCfg = Release|Any CPU
		{B16C78DE-8661-43A4-B1A6-DB701F937A4F}.Release|Any CPU.Build.0 = Release|Any CPU
	EndGlobalSection
	GlobalSection(SolutionProperties) = preSolution
		HideSolutionNode = FALSE
	EndGlobalSection
	GlobalSection(ExtensibilityGlobals) = postSolution
		SolutionGuid = {1424104B-11B1-4958-8103-FC309C8CA167}
	EndGlobalSection
EndGlobal
